
Microsoft Visual Studio Solution File, Format Version 12.00
# Visual Studio Version 16
VisualStudioVersion = 16.0.29025.244
MinimumVisualStudioVersion = 10.0.40219.1
Project("{FAE04EC0-301F-11D3-BF4B-00C04F79EFBC}") = "AdventOfCode2018", "AdventOfCode2018\AdventOfCode2018.csproj", "{86C244A3-8964-4A25-816C-91588669DF5A}"
EndProject
Project("{FAE04EC0-301F-11D3-BF4B-00C04F79EFBC}") = "AdventOfCode2018.Tests", "AdventOfCode2018.Tests\AdventOfCode2018.Tests.csproj", "{06A88253-4118-45C3-8EB7-8A96D7B69BAB}"
EndProject
Global
	GlobalSection(SolutionConfigurationPlatforms) = preSolution
		Debug|Any CPU = Debug|Any CPU
		Release|Any CPU = Release|Any CPU
	EndGlobalSection
	GlobalSection(ProjectConfigurationPlatforms) = postSolution
		{86C244A3-8964-4A25-816C-91588669DF5A}.Debug|Any CPU.ActiveCfg = Debug|Any CPU
		{86C244A3-8964-4A25-816C-91588669DF5A}.Debug|Any CPU.Build.0 = Debug|Any CPU
		{86C244A3-8964-4A25-816C-91588669DF5A}.Release|Any CPU.ActiveCfg = Release|Any CPU
		{86C244A3-8964-4A25-816C-91588669DF5A}.Release|Any CPU.Build.0 = Release|Any CPU
		{06A88253-4118-45C3-8EB7-8A96D7B69BAB}.Debug|Any CPU.ActiveCfg = Debug|Any CPU
		{06A88253-4118-45C3-8EB7-8A96D7B69BAB}.Debug|Any CPU.Build.0 = Debug|Any CPU
		{06A88253-4118-45C3-8EB7-8A96D7B69BAB}.Release|Any CPU.ActiveCfg = Release|Any CPU
		{06A88253-4118-45C3-8EB7-8A96D7B69BAB}.Release|Any CPU.Build.0 = Release|Any CPU
	EndGlobalSection
	GlobalSection(SolutionProperties) = preSolution
		HideSolutionNode = FALSE
	EndGlobalSection
	GlobalSection(ExtensibilityGlobals) = postSolution
		SolutionGuid = {AB9E0257-6ACA-464D-9C97-999777CFCBAE}
	EndGlobalSection
EndGlobal
